// !$*UTF8*$!
{
	archiveVersion = 1;
	classes = {
	};
	objectVersion = 55;
	objects = {

/* Begin PBXBuildFile section */
		025A00F82818320B00EDA41F /* OpeningViewController.swift in Sources */ = {isa = PBXBuildFile; fileRef = 025A00F72818320B00EDA41F /* OpeningViewController.swift */; };
		025E4D372819059C00DB585C /* CountdownViewController.swift in Sources */ = {isa = PBXBuildFile; fileRef = 025E4D362819059C00DB585C /* CountdownViewController.swift */; };
		025E4D39281905AA00DB585C /* StopwatchViewController.swift in Sources */ = {isa = PBXBuildFile; fileRef = 025E4D38281905AA00DB585C /* StopwatchViewController.swift */; };
		025E4D3B2819856E00DB585C /* MorningAlarmViewController.swift in Sources */ = {isa = PBXBuildFile; fileRef = 025E4D3A2819856E00DB585C /* MorningAlarmViewController.swift */; };
		026C08312819A0B40057A6C4 /* Alarm.mp3 in Resources */ = {isa = PBXBuildFile; fileRef = 026C08302819A0B40057A6C4 /* Alarm.mp3 */; };
		026C08332819A8190057A6C4 /* TimerViewController.swift in Sources */ = {isa = PBXBuildFile; fileRef = 026C08322819A8190057A6C4 /* TimerViewController.swift */; };
		026C0835281A72E60057A6C4 /* MathProblemViewController.swift in Sources */ = {isa = PBXBuildFile; fileRef = 026C0834281A72E60057A6C4 /* MathProblemViewController.swift */; };
		026C0837281AD36E0057A6C4 /* NightAlarmViewController.swift in Sources */ = {isa = PBXBuildFile; fileRef = 026C0836281AD36D0057A6C4 /* NightAlarmViewController.swift */; };
		026C0839281AFE480057A6C4 /* StopwatchWithLappingViewController.swift in Sources */ = {isa = PBXBuildFile; fileRef = 026C0838281AFE480057A6C4 /* StopwatchWithLappingViewController.swift */; };
		02E58CB328180DA10005ED91 /* AppDelegate.swift in Sources */ = {isa = PBXBuildFile; fileRef = 02E58CB228180DA10005ED91 /* AppDelegate.swift */; };
		02E58CB528180DA10005ED91 /* SceneDelegate.swift in Sources */ = {isa = PBXBuildFile; fileRef = 02E58CB428180DA10005ED91 /* SceneDelegate.swift */; };
		02E58CB728180DA10005ED91 /* ViewController.swift in Sources */ = {isa = PBXBuildFile; fileRef = 02E58CB628180DA10005ED91 /* ViewController.swift */; };
		02E58CBA28180DA10005ED91 /* Main.storyboard in Resources */ = {isa = PBXBuildFile; fileRef = 02E58CB828180DA10005ED91 /* Main.storyboard */; };
		02E58CBC28180DA10005ED91 /* Assets.xcassets in Resources */ = {isa = PBXBuildFile; fileRef = 02E58CBB28180DA10005ED91 /* Assets.xcassets */; };
		02E58CBF28180DA10005ED91 /* LaunchScreen.storyboard in Resources */ = {isa = PBXBuildFile; fileRef = 02E58CBD28180DA10005ED91 /* LaunchScreen.storyboard */; };
		02E58CCA28180DA20005ED91 /* Nano_Challenge_1Tests.swift in Sources */ = {isa = PBXBuildFile; fileRef = 02E58CC928180DA20005ED91 /* Nano_Challenge_1Tests.swift */; };
		02E58CD428180DA20005ED91 /* Nano_Challenge_1UITests.swift in Sources */ = {isa = PBXBuildFile; fileRef = 02E58CD328180DA20005ED91 /* Nano_Challenge_1UITests.swift */; };
		02E58CD628180DA20005ED91 /* Nano_Challenge_1UITestsLaunchTests.swift in Sources */ = {isa = PBXBuildFile; fileRef = 02E58CD528180DA20005ED91 /* Nano_Challenge_1UITestsLaunchTests.swift */; };
/* End PBXBuildFile section */

/* Begin PBXContainerItemProxy section */
		02E58CC628180DA20005ED91 /* PBXContainerItemProxy */ = {
			isa = PBXContainerItemProxy;
			containerPortal = 02E58CA728180DA10005ED91 /* Project object */;
			proxyType = 1;
			remoteGlobalIDString = 02E58CAE28180DA10005ED91;
			remoteInfo = "Nano Challenge 1";
		};
		02E58CD028180DA20005ED91 /* PBXContainerItemProxy */ = {
			isa = PBXContainerItemProxy;
			containerPortal = 02E58CA728180DA10005ED91 /* Project object */;
			proxyType = 1;
			remoteGlobalIDString = 02E58CAE28180DA10005ED91;
			remoteInfo = "Nano Challenge 1";
		};
/* End PBXContainerItemProxy section */

/* Begin PBXFileReference section */
		025A00F72818320B00EDA41F /* OpeningViewController.swift */ = {isa = PBXFileReference; lastKnownFileType = sourcecode.swift; name = OpeningViewController.swift; path = "Nano Challenge 1/Controllers/OpeningViewController.swift"; sourceTree = SOURCE_ROOT; };
		025E4D362819059C00DB585C /* CountdownViewController.swift */ = {isa = PBXFileReference; lastKnownFileType = sourcecode.swift; path = CountdownViewController.swift; sourceTree = "<group>"; };
		025E4D38281905AA00DB585C /* StopwatchViewController.swift */ = {isa = PBXFileReference; lastKnownFileType = sourcecode.swift; path = StopwatchViewController.swift; sourceTree = "<group>"; };
		025E4D3A2819856E00DB585C /* MorningAlarmViewController.swift */ = {isa = PBXFileReference; lastKnownFileType = sourcecode.swift; path = MorningAlarmViewController.swift; sourceTree = "<group>"; };
		026C08302819A0B40057A6C4 /* Alarm.mp3 */ = {isa = PBXFileReference; lastKnownFileType = audio.mp3; name = Alarm.mp3; path = ../../../../../Downloads/Alarm.mp3; sourceTree = "<group>"; };
		026C08322819A8190057A6C4 /* TimerViewController.swift */ = {isa = PBXFileReference; lastKnownFileType = sourcecode.swift; path = TimerViewController.swift; sourceTree = "<group>"; };
		026C0834281A72E60057A6C4 /* MathProblemViewController.swift */ = {isa = PBXFileReference; lastKnownFileType = sourcecode.swift; path = MathProblemViewController.swift; sourceTree = "<group>"; };
		026C0836281AD36D0057A6C4 /* NightAlarmViewController.swift */ = {isa = PBXFileReference; lastKnownFileType = sourcecode.swift; path = NightAlarmViewController.swift; sourceTree = "<group>"; };
		026C0838281AFE480057A6C4 /* StopwatchWithLappingViewController.swift */ = {isa = PBXFileReference; lastKnownFileType = sourcecode.swift; path = StopwatchWithLappingViewController.swift; sourceTree = "<group>"; };
		02E58CAF28180DA10005ED91 /* Nano Challenge 1.app */ = {isa = PBXFileReference; explicitFileType = wrapper.application; includeInIndex = 0; path = "Nano Challenge 1.app"; sourceTree = BUILT_PRODUCTS_DIR; };
		02E58CB228180DA10005ED91 /* AppDelegate.swift */ = {isa = PBXFileReference; lastKnownFileType = sourcecode.swift; path = AppDelegate.swift; sourceTree = "<group>"; };
		02E58CB428180DA10005ED91 /* SceneDelegate.swift */ = {isa = PBXFileReference; lastKnownFileType = sourcecode.swift; path = SceneDelegate.swift; sourceTree = "<group>"; };
		02E58CB628180DA10005ED91 /* ViewController.swift */ = {isa = PBXFileReference; lastKnownFileType = sourcecode.swift; path = ViewController.swift; sourceTree = "<group>"; };
		02E58CB928180DA10005ED91 /* Base */ = {isa = PBXFileReference; lastKnownFileType = file.storyboard; name = Base; path = Base.lproj/Main.storyboard; sourceTree = "<group>"; };
		02E58CBB28180DA10005ED91 /* Assets.xcassets */ = {isa = PBXFileReference; lastKnownFileType = folder.assetcatalog; path = Assets.xcassets; sourceTree = "<group>"; };
		02E58CBE28180DA10005ED91 /* Base */ = {isa = PBXFileReference; lastKnownFileType = file.storyboard; name = Base; path = Base.lproj/LaunchScreen.storyboard; sourceTree = "<group>"; };
		02E58CC028180DA10005ED91 /* Info.plist */ = {isa = PBXFileReference; lastKnownFileType = text.plist.xml; path = Info.plist; sourceTree = "<group>"; };
		02E58CC528180DA20005ED91 /* Nano Challenge 1Tests.xctest */ = {isa = PBXFileReference; explicitFileType = wrapper.cfbundle; includeInIndex = 0; path = "Nano Challenge 1Tests.xctest"; sourceTree = BUILT_PRODUCTS_DIR; };
		02E58CC928180DA20005ED91 /* Nano_Challenge_1Tests.swift */ = {isa = PBXFileReference; lastKnownFileType = sourcecode.swift; path = Nano_Challenge_1Tests.swift; sourceTree = "<group>"; };
		02E58CCF28180DA20005ED91 /* Nano Challenge 1UITests.xctest */ = {isa = PBXFileReference; explicitFileType = wrapper.cfbundle; includeInIndex = 0; path = "Nano Challenge 1UITests.xctest"; sourceTree = BUILT_PRODUCTS_DIR; };
		02E58CD328180DA20005ED91 /* Nano_Challenge_1UITests.swift */ = {isa = PBXFileReference; lastKnownFileType = sourcecode.swift; path = Nano_Challenge_1UITests.swift; sourceTree = "<group>"; };
		02E58CD528180DA20005ED91 /* Nano_Challenge_1UITestsLaunchTests.swift */ = {isa = PBXFileReference; lastKnownFileType = sourcecode.swift; path = Nano_Challenge_1UITestsLaunchTests.swift; sourceTree = "<group>"; };
/* End PBXFileReference section */

/* Begin PBXFrameworksBuildPhase section */
		02E58CAC28180DA10005ED91 /* Frameworks */ = {
			isa = PBXFrameworksBuildPhase;
			buildActionMask = 2147483647;
			files = (
			);
			runOnlyForDeploymentPostprocessing = 0;
		};
		02E58CC228180DA20005ED91 /* Frameworks */ = {
			isa = PBXFrameworksBuildPhase;
			buildActionMask = 2147483647;
			files = (
			);
			runOnlyForDeploymentPostprocessing = 0;
		};
		02E58CCC28180DA20005ED91 /* Frameworks */ = {
			isa = PBXFrameworksBuildPhase;
			buildActionMask = 2147483647;
			files = (
			);
			runOnlyForDeploymentPostprocessing = 0;
		};
/* End PBXFrameworksBuildPhase section */

/* Begin PBXGroup section */
		025A00F42818268D00EDA41F /* Controllers */ = {
			isa = PBXGroup;
			children = (
				025A00F72818320B00EDA41F /* OpeningViewController.swift */,
				02E58CB628180DA10005ED91 /* ViewController.swift */,
				025E4D362819059C00DB585C /* CountdownViewController.swift */,
				025E4D38281905AA00DB585C /* StopwatchViewController.swift */,
				025E4D3A2819856E00DB585C /* MorningAlarmViewController.swift */,
				026C08322819A8190057A6C4 /* TimerViewController.swift */,
				026C0834281A72E60057A6C4 /* MathProblemViewController.swift */,
				026C0836281AD36D0057A6C4 /* NightAlarmViewController.swift */,
				026C0838281AFE480057A6C4 /* StopwatchWithLappingViewController.swift */,
			);
			path = Controllers;
			sourceTree = "<group>";
		};
		025A00F6281826DE00EDA41F /* Storyboards */ = {
			isa = PBXGroup;
			children = (
				02E58CB828180DA10005ED91 /* Main.storyboard */,
			);
			path = Storyboards;
			sourceTree = "<group>";
		};
		026C082F2819A09D0057A6C4 /* Sounds */ = {
			isa = PBXGroup;
			children = (
				026C08302819A0B40057A6C4 /* Alarm.mp3 */,
			);
			path = Sounds;
			sourceTree = "<group>";
		};
		02E58CA628180DA10005ED91 = {
			isa = PBXGroup;
			children = (
				02E58CB128180DA10005ED91 /* Nano Challenge 1 */,
				02E58CC828180DA20005ED91 /* Nano Challenge 1Tests */,
				02E58CD228180DA20005ED91 /* Nano Challenge 1UITests */,
				02E58CB028180DA10005ED91 /* Products */,
			);
			sourceTree = "<group>";
		};
		02E58CB028180DA10005ED91 /* Products */ = {
			isa = PBXGroup;
			children = (
				02E58CAF28180DA10005ED91 /* Nano Challenge 1.app */,
				02E58CC528180DA20005ED91 /* Nano Challenge 1Tests.xctest */,
				02E58CCF28180DA20005ED91 /* Nano Challenge 1UITests.xctest */,
			);
			name = Products;
			sourceTree = "<group>";
		};
		02E58CB128180DA10005ED91 /* Nano Challenge 1 */ = {
			isa = PBXGroup;
			children = (
				026C082F2819A09D0057A6C4 /* Sounds */,
				025A00F6281826DE00EDA41F /* Storyboards */,
				025A00F42818268D00EDA41F /* Controllers */,
				02E58CB228180DA10005ED91 /* AppDelegate.swift */,
				02E58CB428180DA10005ED91 /* SceneDelegate.swift */,
				02E58CBB28180DA10005ED91 /* Assets.xcassets */,
				02E58CBD28180DA10005ED91 /* LaunchScreen.storyboard */,
				02E58CC028180DA10005ED91 /* Info.plist */,
			);
			path = "Nano Challenge 1";
			sourceTree = "<group>";
		};
		02E58CC828180DA20005ED91 /* Nano Challenge 1Tests */ = {
			isa = PBXGroup;
			children = (
				02E58CC928180DA20005ED91 /* Nano_Challenge_1Tests.swift */,
			);
			path = "Nano Challenge 1Tests";
			sourceTree = "<group>";
		};
		02E58CD228180DA20005ED91 /* Nano Challenge 1UITests */ = {
			isa = PBXGroup;
			children = (
				02E58CD328180DA20005ED91 /* Nano_Challenge_1UITests.swift */,
				02E58CD528180DA20005ED91 /* Nano_Challenge_1UITestsLaunchTests.swift */,
			);
			path = "Nano Challenge 1UITests";
			sourceTree = "<group>";
		};
/* End PBXGroup section */

/* Begin PBXNativeTarget section */
		02E58CAE28180DA10005ED91 /* Nano Challenge 1 */ = {
			isa = PBXNativeTarget;
			buildConfigurationList = 02E58CD928180DA20005ED91 /* Build configuration list for PBXNativeTarget "Nano Challenge 1" */;
			buildPhases = (
				02E58CAB28180DA10005ED91 /* Sources */,
				02E58CAC28180DA10005ED91 /* Frameworks */,
				02E58CAD28180DA10005ED91 /* Resources */,
			);
			buildRules = (
			);
			dependencies = (
			);
			name = "Nano Challenge 1";
			productName = "Nano Challenge 1";
			productReference = 02E58CAF28180DA10005ED91 /* Nano Challenge 1.app */;
			productType = "com.apple.product-type.application";
		};
		02E58CC428180DA20005ED91 /* Nano Challenge 1Tests */ = {
			isa = PBXNativeTarget;
			buildConfigurationList = 02E58CDC28180DA20005ED91 /* Build configuration list for PBXNativeTarget "Nano Challenge 1Tests" */;
			buildPhases = (
				02E58CC128180DA20005ED91 /* Sources */,
				02E58CC228180DA20005ED91 /* Frameworks */,
				02E58CC328180DA20005ED91 /* Resources */,
			);
			buildRules = (
			);
			dependencies = (
				02E58CC728180DA20005ED91 /* PBXTargetDependency */,
			);
			name = "Nano Challenge 1Tests";
			productName = "Nano Challenge 1Tests";
			productReference = 02E58CC528180DA20005ED91 /* Nano Challenge 1Tests.xctest */;
			productType = "com.apple.product-type.bundle.unit-test";
		};
		02E58CCE28180DA20005ED91 /* Nano Challenge 1UITests */ = {
			isa = PBXNativeTarget;
			buildConfigurationList = 02E58CDF28180DA20005ED91 /* Build configuration list for PBXNativeTarget "Nano Challenge 1UITests" */;
			buildPhases = (
				02E58CCB28180DA20005ED91 /* Sources */,
				02E58CCC28180DA20005ED91 /* Frameworks */,
				02E58CCD28180DA20005ED91 /* Resources */,
			);
			buildRules = (
			);
			dependencies = (
				02E58CD128180DA20005ED91 /* PBXTargetDependency */,
			);
			name = "Nano Challenge 1UITests";
			productName = "Nano Challenge 1UITests";
			productReference = 02E58CCF28180DA20005ED91 /* Nano Challenge 1UITests.xctest */;
			productType = "com.apple.product-type.bundle.ui-testing";
		};
/* End PBXNativeTarget section */

/* Begin PBXProject section */
		02E58CA728180DA10005ED91 /* Project object */ = {
			isa = PBXProject;
			attributes = {
				BuildIndependentTargetsInParallel = 1;
				LastSwiftUpdateCheck = 1330;
				LastUpgradeCheck = 1330;
				TargetAttributes = {
					02E58CAE28180DA10005ED91 = {
						CreatedOnToolsVersion = 13.3;
					};
					02E58CC428180DA20005ED91 = {
						CreatedOnToolsVersion = 13.3;
						TestTargetID = 02E58CAE28180DA10005ED91;
					};
					02E58CCE28180DA20005ED91 = {
						CreatedOnToolsVersion = 13.3;
						TestTargetID = 02E58CAE28180DA10005ED91;
					};
				};
			};
			buildConfigurationList = 02E58CAA28180DA10005ED91 /* Build configuration list for PBXProject "Nano Challenge 1" */;
			compatibilityVersion = "Xcode 13.0";
			developmentRegion = en;
			hasScannedForEncodings = 0;
			knownRegions = (
				en,
				Base,
			);
			mainGroup = 02E58CA628180DA10005ED91;
			productRefGroup = 02E58CB028180DA10005ED91 /* Products */;
			projectDirPath = "";
			projectRoot = "";
			targets = (
				02E58CAE28180DA10005ED91 /* Nano Challenge 1 */,
				02E58CC428180DA20005ED91 /* Nano Challenge 1Tests */,
				02E58CCE28180DA20005ED91 /* Nano Challenge 1UITests */,
			);
		};
/* End PBXProject section */

/* Begin PBXResourcesBuildPhase section */
		02E58CAD28180DA10005ED91 /* Resources */ = {
			isa = PBXResourcesBuildPhase;
			buildActionMask = 2147483647;
			files = (
				026C08312819A0B40057A6C4 /* Alarm.mp3 in Resources */,
				02E58CBF28180DA10005ED91 /* LaunchScreen.storyboard in Resources */,
				02E58CBC28180DA10005ED91 /* Assets.xcassets in Resources */,
				02E58CBA28180DA10005ED91 /* Main.storyboard in Resources */,
			);
			runOnlyForDeploymentPostprocessing = 0;
		};
		02E58CC328180DA20005ED91 /* Resources */ = {
			isa = PBXResourcesBuildPhase;
			buildActionMask = 2147483647;
			files = (
			);
			runOnlyForDeploymentPostprocessing = 0;
		};
		02E58CCD28180DA20005ED91 /* Resources */ = {
			isa = PBXResourcesBuildPhase;
			buildActionMask = 2147483647;
			files = (
			);
			runOnlyForDeploymentPostprocessing = 0;
		};
/* End PBXResourcesBuildPhase section */

/* Begin PBXSourcesBuildPhase section */
		02E58CAB28180DA10005ED91 /* Sources */ = {
			isa = PBXSourcesBuildPhase;
			buildActionMask = 2147483647;
			files = (
				025E4D39281905AA00DB585C /* StopwatchViewController.swift in Sources */,
				026C08332819A8190057A6C4 /* TimerViewController.swift in Sources */,
				026C0839281AFE480057A6C4 /* StopwatchWithLappingViewController.swift in Sources */,
				02E58CB728180DA10005ED91 /* ViewController.swift in Sources */,
				025E4D372819059C00DB585C /* CountdownViewController.swift in Sources */,
				025A00F82818320B00EDA41F /* OpeningViewController.swift in Sources */,
				02E58CB328180DA10005ED91 /* AppDelegate.swift in Sources */,
				026C0835281A72E60057A6C4 /* MathProblemViewController.swift in Sources */,
				026C0837281AD36E0057A6C4 /* NightAlarmViewController.swift in Sources */,
				025E4D3B2819856E00DB585C /* MorningAlarmViewController.swift in Sources */,
				02E58CB528180DA10005ED91 /* SceneDelegate.swift in Sources */,
			);
			runOnlyForDeploymentPostprocessing = 0;
		};
		02E58CC128180DA20005ED91 /* Sources */ = {
			isa = PBXSourcesBuildPhase;
			buildActionMask = 2147483647;
			files = (
				02E58CCA28180DA20005ED91 /* Nano_Challenge_1Tests.swift in Sources */,
			);
			runOnlyForDeploymentPostprocessing = 0;
		};
		02E58CCB28180DA20005ED91 /* Sources */ = {
			isa = PBXSourcesBuildPhase;
			buildActionMask = 2147483647;
			files = (
				02E58CD628180DA20005ED91 /* Nano_Challenge_1UITestsLaunchTests.swift in Sources */,
				02E58CD428180DA20005ED91 /* Nano_Challenge_1UITests.swift in Sources */,
			);
			runOnlyForDeploymentPostprocessing = 0;
		};
/* End PBXSourcesBuildPhase section */

/* Begin PBXTargetDependency section */
		02E58CC728180DA20005ED91 /* PBXTargetDependency */ = {
			isa = PBXTargetDependency;
			target = 02E58CAE28180DA10005ED91 /* Nano Challenge 1 */;
			targetProxy = 02E58CC628180DA20005ED91 /* PBXContainerItemProxy */;
		};
		02E58CD128180DA20005ED91 /* PBXTargetDependency */ = {
			isa = PBXTargetDependency;
			target = 02E58CAE28180DA10005ED91 /* Nano Challenge 1 */;
			targetProxy = 02E58CD028180DA20005ED91 /* PBXContainerItemProxy */;
		};
/* End PBXTargetDependency section */

/* Begin PBXVariantGroup section */
		02E58CB828180DA10005ED91 /* Main.storyboard */ = {
			isa = PBXVariantGroup;
			children = (
				02E58CB928180DA10005ED91 /* Base */,
			);
			name = Main.storyboard;
			sourceTree = "<group>";
		};
		02E58CBD28180DA10005ED91 /* LaunchScreen.storyboard */ = {
			isa = PBXVariantGroup;
			children = (
				02E58CBE28180DA10005ED91 /* Base */,
			);
			name = LaunchScreen.storyboard;
			sourceTree = "<group>";
		};
/* End PBXVariantGroup section */

/* Begin XCBuildConfiguration section */
		02E58CD728180DA20005ED91 /* Debug */ = {
			isa = XCBuildConfiguration;
			buildSettings = {
				ALWAYS_SEARCH_USER_PATHS = NO;
				CLANG_ANALYZER_NONNULL = YES;
				CLANG_ANALYZER_NUMBER_OBJECT_CONVERSION = YES_AGGRESSIVE;
				CLANG_CXX_LANGUAGE_STANDARD = "gnu++17";
				CLANG_ENABLE_MODULES = YES;
				CLANG_ENABLE_OBJC_ARC = YES;
				CLANG_ENABLE_OBJC_WEAK = YES;
				CLANG_WARN_BLOCK_CAPTURE_AUTORELEASING = YES;
				CLANG_WARN_BOOL_CONVERSION = YES;
				CLANG_WARN_COMMA = YES;
				CLANG_WARN_CONSTANT_CONVERSION = YES;
				CLANG_WARN_DEPRECATED_OBJC_IMPLEMENTATIONS = YES;
				CLANG_WARN_DIRECT_OBJC_ISA_USAGE = YES_ERROR;
				CLANG_WARN_DOCUMENTATION_COMMENTS = YES;
				CLANG_WARN_EMPTY_BODY = YES;
				CLANG_WARN_ENUM_CONVERSION = YES;
				CLANG_WARN_INFINITE_RECURSION = YES;
				CLANG_WARN_INT_CONVERSION = YES;
				CLANG_WARN_NON_LITERAL_NULL_CONVERSION = YES;
				CLANG_WARN_OBJC_IMPLICIT_RETAIN_SELF = YES;
				CLANG_WARN_OBJC_LITERAL_CONVERSION = YES;
				CLANG_WARN_OBJC_ROOT_CLASS = YES_ERROR;
				CLANG_WARN_QUOTED_INCLUDE_IN_FRAMEWORK_HEADER = YES;
				CLANG_WARN_RANGE_LOOP_ANALYSIS = YES;
				CLANG_WARN_STRICT_PROTOTYPES = YES;
				CLANG_WARN_SUSPICIOUS_MOVE = YES;
				CLANG_WARN_UNGUARDED_AVAILABILITY = YES_AGGRESSIVE;
				CLANG_WARN_UNREACHABLE_CODE = YES;
				CLANG_WARN__DUPLICATE_METHOD_MATCH = YES;
				COPY_PHASE_STRIP = NO;
				DEBUG_INFORMATION_FORMAT = dwarf;
				ENABLE_STRICT_OBJC_MSGSEND = YES;
				ENABLE_TESTABILITY = YES;
				GCC_C_LANGUAGE_STANDARD = gnu11;
				GCC_DYNAMIC_NO_PIC = NO;
				GCC_NO_COMMON_BLOCKS = YES;
				GCC_OPTIMIZATION_LEVEL = 0;
				GCC_PREPROCESSOR_DEFINITIONS = (
					"DEBUG=1",
					"$(inherited)",
				);
				GCC_WARN_64_TO_32_BIT_CONVERSION = YES;
				GCC_WARN_ABOUT_RETURN_TYPE = YES_ERROR;
				GCC_WARN_UNDECLARED_SELECTOR = YES;
				GCC_WARN_UNINITIALIZED_AUTOS = YES_AGGRESSIVE;
				GCC_WARN_UNUSED_FUNCTION = YES;
				GCC_WARN_UNUSED_VARIABLE = YES;
				IPHONEOS_DEPLOYMENT_TARGET = 15.4;
				MTL_ENABLE_DEBUG_INFO = INCLUDE_SOURCE;
				MTL_FAST_MATH = YES;
				ONLY_ACTIVE_ARCH = YES;
				SDKROOT = iphoneos;
				SWIFT_ACTIVE_COMPILATION_CONDITIONS = DEBUG;
				SWIFT_OPTIMIZATION_LEVEL = "-Onone";
			};
			name = Debug;
		};
		02E58CD828180DA20005ED91 /* Release */ = {
			isa = XCBuildConfiguration;
			buildSettings = {
				ALWAYS_SEARCH_USER_PATHS = NO;
				CLANG_ANALYZER_NONNULL = YES;
				CLANG_ANALYZER_NUMBER_OBJECT_CONVERSION = YES_AGGRESSIVE;
				CLANG_CXX_LANGUAGE_STANDARD = "gnu++17";
				CLANG_ENABLE_MODULES = YES;
				CLANG_ENABLE_OBJC_ARC = YES;
				CLANG_ENABLE_OBJC_WEAK = YES;
				CLANG_WARN_BLOCK_CAPTURE_AUTORELEASING = YES;
				CLANG_WARN_BOOL_CONVERSION = YES;
				CLANG_WARN_COMMA = YES;
				CLANG_WARN_CONSTANT_CONVERSION = YES;
				CLANG_WARN_DEPRECATED_OBJC_IMPLEMENTATIONS = YES;
				CLANG_WARN_DIRECT_OBJC_ISA_USAGE = YES_ERROR;
				CLANG_WARN_DOCUMENTATION_COMMENTS = YES;
				CLANG_WARN_EMPTY_BODY = YES;
				CLANG_WARN_ENUM_CONVERSION = YES;
				CLANG_WARN_INFINITE_RECURSION = YES;
				CLANG_WARN_INT_CONVERSION = YES;
				CLANG_WARN_NON_LITERAL_NULL_CONVERSION = YES;
				CLANG_WARN_OBJC_IMPLICIT_RETAIN_SELF = YES;
				CLANG_WARN_OBJC_LITERAL_CONVERSION = YES;
				CLANG_WARN_OBJC_ROOT_CLASS = YES_ERROR;
				CLANG_WARN_QUOTED_INCLUDE_IN_FRAMEWORK_HEADER = YES;
				CLANG_WARN_RANGE_LOOP_ANALYSIS = YES;
				CLANG_WARN_STRICT_PROTOTYPES = YES;
				CLANG_WARN_SUSPICIOUS_MOVE = YES;
				CLANG_WARN_UNGUARDED_AVAILABILITY = YES_AGGRESSIVE;
				CLANG_WARN_UNREACHABLE_CODE = YES;
				CLANG_WARN__DUPLICATE_METHOD_MATCH = YES;
				COPY_PHASE_STRIP = NO;
				DEBUG_INFORMATION_FORMAT = "dwarf-with-dsym";
				ENABLE_NS_ASSERTIONS = NO;
				ENABLE_STRICT_OBJC_MSGSEND = YES;
				GCC_C_LANGUAGE_STANDARD = gnu11;
				GCC_NO_COMMON_BLOCKS = YES;
				GCC_WARN_64_TO_32_BIT_CONVERSION = YES;
				GCC_WARN_ABOUT_RETURN_TYPE = YES_ERROR;
				GCC_WARN_UNDECLARED_SELECTOR = YES;
				GCC_WARN_UNINITIALIZED_AUTOS = YES_AGGRESSIVE;
				GCC_WARN_UNUSED_FUNCTION = YES;
				GCC_WARN_UNUSED_VARIABLE = YES;
				IPHONEOS_DEPLOYMENT_TARGET = 15.4;
				MTL_ENABLE_DEBUG_INFO = NO;
				MTL_FAST_MATH = YES;
				SDKROOT = iphoneos;
				SWIFT_COMPILATION_MODE = wholemodule;
				SWIFT_OPTIMIZATION_LEVEL = "-O";
				VALIDATE_PRODUCT = YES;
			};
			name = Release;
		};
		02E58CDA28180DA20005ED91 /* Debug */ = {
			isa = XCBuildConfiguration;
			buildSettings = {
				ASSETCATALOG_COMPILER_APPICON_NAME = AppIcon;
				ASSETCATALOG_COMPILER_GLOBAL_ACCENT_COLOR_NAME = AccentColor;
				CODE_SIGN_STYLE = Automatic;
				CURRENT_PROJECT_VERSION = 1;
				DEVELOPMENT_TEAM = ACV2U485KM;
				GENERATE_INFOPLIST_FILE = YES;
				INFOPLIST_FILE = "Nano Challenge 1/Info.plist";
				INFOPLIST_KEY_UIApplicationSupportsIndirectInputEvents = YES;
				INFOPLIST_KEY_UILaunchStoryboardName = LaunchScreen;
				INFOPLIST_KEY_UIMainStoryboardFile = Main;
				INFOPLIST_KEY_UISupportedInterfaceOrientations_iPad = "UIInterfaceOrientationPortrait UIInterfaceOrientationPortraitUpsideDown UIInterfaceOrientationLandscapeLeft UIInterfaceOrientationLandscapeRight";
				INFOPLIST_KEY_UISupportedInterfaceOrientations_iPhone = "UIInterfaceOrientationPortrait UIInterfaceOrientationLandscapeLeft UIInterfaceOrientationLandscapeRight";
				LD_RUNPATH_SEARCH_PATHS = (
					"$(inherited)",
					"@executable_path/Frameworks",
				);
				MARKETING_VERSION = 1.0;
				PRODUCT_BUNDLE_IDENTIFIER = "AppleDeveloperBinus.Nano-Challenge-1";
				PRODUCT_NAME = "$(TARGET_NAME)";
				SWIFT_EMIT_LOC_STRINGS = YES;
				SWIFT_VERSION = 5.0;
				TARGETED_DEVICE_FAMILY = "1,2";
			};
			name = Debug;
		};
		02E58CDB28180DA20005ED91 /* Release */ = {
			isa = XCBuildConfiguration;
			buildSettings = {
				ASSETCATALOG_COMPILER_APPICON_NAME = AppIcon;
				ASSETCATALOG_COMPILER_GLOBAL_ACCENT_COLOR_NAME = AccentColor;
				CODE_SIGN_STYLE = Automatic;
				CURRENT_PROJECT_VERSION = 1;
				DEVELOPMENT_TEAM = ACV2U485KM;
				GENERATE_INFOPLIST_FILE = YES;
				INFOPLIST_FILE = "Nano Challenge 1/Info.plist";
				INFOPLIST_KEY_UIApplicationSupportsIndirectInputEvents = YES;
				INFOPLIST_KEY_UILaunchStoryboardName = LaunchScreen;
				INFOPLIST_KEY_UIMainStoryboardFile = Main;
				INFOPLIST_KEY_UISupportedInterfaceOrientations_iPad = "UIInterfaceOrientationPortrait UIInterfaceOrientationPortraitUpsideDown UIInterfaceOrientationLandscapeLeft UIInterfaceOrientationLandscapeRight";
				INFOPLIST_KEY_UISupportedInterfaceOrientations_iPhone = "UIInterfaceOrientationPortrait UIInterfaceOrientationLandscapeLeft UIInterfaceOrientationLandscapeRight";
				LD_RUNPATH_SEARCH_PATHS = (
					"$(inherited)",
					"@executable_path/Frameworks",
				);
				MARKETING_VERSION = 1.0;
				PRODUCT_BUNDLE_IDENTIFIER = "AppleDeveloperBinus.Nano-Challenge-1";
				PRODUCT_NAME = "$(TARGET_NAME)";
				SWIFT_EMIT_LOC_STRINGS = YES;
				SWIFT_VERSION = 5.0;
				TARGETED_DEVICE_FAMILY = "1,2";
			};
			name = Release;
		};
		02E58CDD28180DA20005ED91 /* Debug */ = {
			isa = XCBuildConfiguration;
			buildSettings = {
				ALWAYS_EMBED_SWIFT_STANDARD_LIBRARIES = YES;
				BUNDLE_LOADER = "$(TEST_HOST)";
				CODE_SIGN_STYLE = Automatic;
				CURRENT_PROJECT_VERSION = 1;
				DEVELOPMENT_TEAM = ACV2U485KM;
				GENERATE_INFOPLIST_FILE = YES;
				IPHONEOS_DEPLOYMENT_TARGET = 15.4;
				MARKETING_VERSION = 1.0;
				PRODUCT_BUNDLE_IDENTIFIER = "AppleDeveloperBinus.Nano-Challenge-1Tests";
				PRODUCT_NAME = "$(TARGET_NAME)";
				SWIFT_EMIT_LOC_STRINGS = NO;
				SWIFT_VERSION = 5.0;
				TARGETED_DEVICE_FAMILY = "1,2";
				TEST_HOST = "$(BUILT_PRODUCTS_DIR)/Nano Challenge 1.app/Nano Challenge 1";
			};
			name = Debug;
		};
		02E58CDE28180DA20005ED91 /* Release */ = {
			isa = XCBuildConfiguration;
			buildSettings = {
				ALWAYS_EMBED_SWIFT_STANDARD_LIBRARIES = YES;
				BUNDLE_LOADER = "$(TEST_HOST)";
				CODE_SIGN_STYLE = Automatic;
				CURRENT_PROJECT_VERSION = 1;
				DEVELOPMENT_TEAM = ACV2U485KM;
				GENERATE_INFOPLIST_FILE = YES;
				IPHONEOS_DEPLOYMENT_TARGET = 15.4;
				MARKETING_VERSION = 1.0;
				PRODUCT_BUNDLE_IDENTIFIER = "AppleDeveloperBinus.Nano-Challenge-1Tests";
				PRODUCT_NAME = "$(TARGET_NAME)";
				SWIFT_EMIT_LOC_STRINGS = NO;
				SWIFT_VERSION = 5.0;
				TARGETED_DEVICE_FAMILY = "1,2";
				TEST_HOST = "$(BUILT_PRODUCTS_DIR)/Nano Challenge 1.app/Nano Challenge 1";
			};
			name = Release;
		};
		02E58CE028180DA20005ED91 /* Debug */ = {
			isa = XCBuildConfiguration;
			buildSettings = {
				ALWAYS_EMBED_SWIFT_STANDARD_LIBRARIES = YES;
				CODE_SIGN_STYLE = Automatic;
				CURRENT_PROJECT_VERSION = 1;
				DEVELOPMENT_TEAM = ACV2U485KM;
				GENERATE_INFOPLIST_FILE = YES;
				MARKETING_VERSION = 1.0;
				PRODUCT_BUNDLE_IDENTIFIER = "AppleDeveloperBinus.Nano-Challenge-1UITests";
				PRODUCT_NAME = "$(TARGET_NAME)";
				SWIFT_EMIT_LOC_STRINGS = NO;
				SWIFT_VERSION = 5.0;
				TARGETED_DEVICE_FAMILY = "1,2";
				TEST_TARGET_NAME = "Nano Challenge 1";
			};
			name = Debug;
		};
		02E58CE128180DA20005ED91 /* Release */ = {
			isa = XCBuildConfiguration;
			buildSettings = {
				ALWAYS_EMBED_SWIFT_STANDARD_LIBRARIES = YES;
				CODE_SIGN_STYLE = Automatic;
				CURRENT_PROJECT_VERSION = 1;
				DEVELOPMENT_TEAM = ACV2U485KM;
				GENERATE_INFOPLIST_FILE = YES;
				MARKETING_VERSION = 1.0;
				PRODUCT_BUNDLE_IDENTIFIER = "AppleDeveloperBinus.Nano-Challenge-1UITests";
				PRODUCT_NAME = "$(TARGET_NAME)";
				SWIFT_EMIT_LOC_STRINGS = NO;
				SWIFT_VERSION = 5.0;
				TARGETED_DEVICE_FAMILY = "1,2";
				TEST_TARGET_NAME = "Nano Challenge 1";
			};
			name = Release;
		};
/* End XCBuildConfiguration section */

/* Begin XCConfigurationList section */
		02E58CAA28180DA10005ED91 /* Build configuration list for PBXProject "Nano Challenge 1" */ = {
			isa = XCConfigurationList;
			buildConfigurations = (
				02E58CD728180DA20005ED91 /* Debug */,
				02E58CD828180DA20005ED91 /* Release */,
			);
			defaultConfigurationIsVisible = 0;
			defaultConfigurationName = Release;
		};
		02E58CD928180DA20005ED91 /* Build configuration list for PBXNativeTarget "Nano Challenge 1" */ = {
			isa = XCConfigurationList;
			buildConfigurations = (
				02E58CDA28180DA20005ED91 /* Debug */,
				02E58CDB28180DA20005ED91 /* Release */,
			);
			defaultConfigurationIsVisible = 0;
			defaultConfigurationName = Release;
		};
		02E58CDC28180DA20005ED91 /* Build configuration list for PBXNativeTarget "Nano Challenge 1Tests" */ = {
			isa = XCConfigurationList;
			buildConfigurations = (
				02E58CDD28180DA20005ED91 /* Debug */,
				02E58CDE28180DA20005ED91 /* Release */,
			);
			defaultConfigurationIsVisible = 0;
			defaultConfigurationName = Release;
		};
		02E58CDF28180DA20005ED91 /* Build configuration list for PBXNativeTarget "Nano Challenge 1UITests" */ = {
			isa = XCConfigurationList;
			buildConfigurations = (
				02E58CE028180DA20005ED91 /* Debug */,
				02E58CE128180DA20005ED91 /* Release */,
			);
			defaultConfigurationIsVisible = 0;
			defaultConfigurationName = Release;
		};
/* End XCConfigurationList section */
	};
	rootObject = 02E58CA728180DA10005ED91 /* Project object */;
}
